
Microsoft Visual Studio Solution File, Format Version 12.00
# Visual Studio Version 16
VisualStudioVersion = 16.0.34729.46
MinimumVisualStudioVersion = 10.0.40219.1
Project("{9A19103F-16F7-4668-BE54-9A1E7A4F7556}") = "TodoApi", "TodoApi\TodoApi.csproj", "{8180A2CE-62B2-4700-8EC1-F888038BF82D}"
EndProject
Global
	GlobalSection(SolutionConfigurationPlatforms) = preSolution
		Debug|Any CPU = Debug|Any CPU
		Release|Any CPU = Release|Any CPU
	EndGlobalSection
	GlobalSection(ProjectConfigurationPlatforms) = postSolution
		{8180A2CE-62B2-4700-8EC1-F888038BF82D}.Debug|Any CPU.ActiveCfg = Debug|Any CPU
		{8180A2CE-62B2-4700-8EC1-F888038BF82D}.Debug|Any CPU.Build.0 = Debug|Any CPU
		{8180A2CE-62B2-4700-8EC1-F888038BF82D}.Release|Any CPU.ActiveCfg = Release|Any CPU
		{8180A2CE-62B2-4700-8EC1-F888038BF82D}.Release|Any CPU.Build.0 = Release|Any CPU
	EndGlobalSection
	GlobalSection(SolutionProperties) = preSolution
		HideSolutionNode = FALSE
	EndGlobalSection
	GlobalSection(ExtensibilityGlobals) = postSolution
		SolutionGuid = {F7174A71-AD13-4463-8B29-5EF2BF1E8361}
	EndGlobalSection
EndGlobal
